
Microsoft Visual Studio Solution File, Format Version 12.00
# Visual Studio Version 17
VisualStudioVersion = 17.5.33530.505
MinimumVisualStudioVersion = 10.0.40219.1
Project("{FAE04EC0-301F-11D3-BF4B-00C04F79EFBC}") = "CSharp_Exercise_5_ReadAzureDb", "CSharp_Exercise_5_ReadAzureDb\CSharp_Exercise_5_ReadAzureDb.csproj", "{73E4E652-34F0-4C45-A6E7-39BA2F9E152D}"
EndProject
Global
	GlobalSection(SolutionConfigurationPlatforms) = preSolution
		Debug|Any CPU = Debug|Any CPU
		Release|Any CPU = Release|Any CPU
	EndGlobalSection
	GlobalSection(ProjectConfigurationPlatforms) = postSolution
		{73E4E652-34F0-4C45-A6E7-39BA2F9E152D}.Debug|Any CPU.ActiveCfg = Debug|Any CPU
		{73E4E652-34F0-4C45-A6E7-39BA2F9E152D}.Debug|Any CPU.Build.0 = Debug|Any CPU
		{73E4E652-34F0-4C45-A6E7-39BA2F9E152D}.Release|Any CPU.ActiveCfg = Release|Any CPU
		{73E4E652-34F0-4C45-A6E7-39BA2F9E152D}.Release|Any CPU.Build.0 = Release|Any CPU
	EndGlobalSection
	GlobalSection(SolutionProperties) = preSolution
		HideSolutionNode = FALSE
	EndGlobalSection
	GlobalSection(ExtensibilityGlobals) = postSolution
		SolutionGuid = {64E986B7-59CF-4824-B143-DFCF5F05694F}
	EndGlobalSection
EndGlobal
